// !$*UTF8*$!
{
	archiveVersion = 1;
	classes = {
	};
	objectVersion = 50;
	objects = {

/* Begin PBXBuildFile section */
		28D41B6C24F46A3800157E91 /* AppDelegate.swift in Sources */ = {isa = PBXBuildFile; fileRef = 28D41B6B24F46A3800157E91 /* AppDelegate.swift */; };
		28D41B6E24F46A3800157E91 /* SceneDelegate.swift in Sources */ = {isa = PBXBuildFile; fileRef = 28D41B6D24F46A3800157E91 /* SceneDelegate.swift */; };
		28D41B7024F46A3800157E91 /* ViewController.swift in Sources */ = {isa = PBXBuildFile; fileRef = 28D41B6F24F46A3800157E91 /* ViewController.swift */; };
		28D41B7324F46A3800157E91 /* Main.storyboard in Resources */ = {isa = PBXBuildFile; fileRef = 28D41B7124F46A3800157E91 /* Main.storyboard */; };
		28D41B7524F46A3D00157E91 /* Assets.xcassets in Resources */ = {isa = PBXBuildFile; fileRef = 28D41B7424F46A3D00157E91 /* Assets.xcassets */; };
		28D41B7824F46A3D00157E91 /* LaunchScreen.storyboard in Resources */ = {isa = PBXBuildFile; fileRef = 28D41B7624F46A3D00157E91 /* LaunchScreen.storyboard */; };
		28D41B8324F46A3D00157E91 /* CalculatorDanielSanchezTests.swift in Sources */ = {isa = PBXBuildFile; fileRef = 28D41B8224F46A3D00157E91 /* CalculatorDanielSanchezTests.swift */; };
		28D41B8E24F46A3D00157E91 /* CalculatorDanielSanchezUITests.swift in Sources */ = {isa = PBXBuildFile; fileRef = 28D41B8D24F46A3D00157E91 /* CalculatorDanielSanchezUITests.swift */; };
/* End PBXBuildFile section */

/* Begin PBXContainerItemProxy section */
		28D41B7F24F46A3D00157E91 /* PBXContainerItemProxy */ = {
			isa = PBXContainerItemProxy;
			containerPortal = 28D41B6024F46A3800157E91 /* Project object */;
			proxyType = 1;
			remoteGlobalIDString = 28D41B6724F46A3800157E91;
			remoteInfo = CalculatorDanielSanchez;
		};
		28D41B8A24F46A3D00157E91 /* PBXContainerItemProxy */ = {
			isa = PBXContainerItemProxy;
			containerPortal = 28D41B6024F46A3800157E91 /* Project object */;
			proxyType = 1;
			remoteGlobalIDString = 28D41B6724F46A3800157E91;
			remoteInfo = CalculatorDanielSanchez;
		};
/* End PBXContainerItemProxy section */

/* Begin PBXFileReference section */
		28D41B6824F46A3800157E91 /* TipCalculator.app */ = {isa = PBXFileReference; explicitFileType = wrapper.application; includeInIndex = 0; path = TipCalculator.app; sourceTree = BUILT_PRODUCTS_DIR; };
		28D41B6B24F46A3800157E91 /* AppDelegate.swift */ = {isa = PBXFileReference; lastKnownFileType = sourcecode.swift; path = AppDelegate.swift; sourceTree = "<group>"; };
		28D41B6D24F46A3800157E91 /* SceneDelegate.swift */ = {isa = PBXFileReference; lastKnownFileType = sourcecode.swift; path = SceneDelegate.swift; sourceTree = "<group>"; };
		28D41B6F24F46A3800157E91 /* ViewController.swift */ = {isa = PBXFileReference; lastKnownFileType = sourcecode.swift; path = ViewController.swift; sourceTree = "<group>"; };
		28D41B7224F46A3800157E91 /* Base */ = {isa = PBXFileReference; lastKnownFileType = file.storyboard; name = Base; path = Base.lproj/Main.storyboard; sourceTree = "<group>"; };
		28D41B7424F46A3D00157E91 /* Assets.xcassets */ = {isa = PBXFileReference; lastKnownFileType = folder.assetcatalog; path = Assets.xcassets; sourceTree = "<group>"; };
		28D41B7724F46A3D00157E91 /* Base */ = {isa = PBXFileReference; lastKnownFileType = file.storyboard; name = Base; path = Base.lproj/LaunchScreen.storyboard; sourceTree = "<group>"; };
		28D41B7924F46A3D00157E91 /* Info.plist */ = {isa = PBXFileReference; lastKnownFileType = text.plist.xml; path = Info.plist; sourceTree = "<group>"; };
		28D41B7E24F46A3D00157E91 /* TipCalculatorTests.xctest */ = {isa = PBXFileReference; explicitFileType = wrapper.cfbundle; includeInIndex = 0; path = TipCalculatorTests.xctest; sourceTree = BUILT_PRODUCTS_DIR; };
		28D41B8224F46A3D00157E91 /* CalculatorDanielSanchezTests.swift */ = {isa = PBXFileReference; lastKnownFileType = sourcecode.swift; path = CalculatorDanielSanchezTests.swift; sourceTree = "<group>"; };
		28D41B8424F46A3D00157E91 /* Info.plist */ = {isa = PBXFileReference; lastKnownFileType = text.plist.xml; path = Info.plist; sourceTree = "<group>"; };
		28D41B8924F46A3D00157E91 /* TipCalculatorUITests.xctest */ = {isa = PBXFileReference; explicitFileType = wrapper.cfbundle; includeInIndex = 0; path = TipCalculatorUITests.xctest; sourceTree = BUILT_PRODUCTS_DIR; };
		28D41B8D24F46A3D00157E91 /* CalculatorDanielSanchezUITests.swift */ = {isa = PBXFileReference; lastKnownFileType = sourcecode.swift; path = CalculatorDanielSanchezUITests.swift; sourceTree = "<group>"; };
		28D41B8F24F46A3D00157E91 /* Info.plist */ = {isa = PBXFileReference; lastKnownFileType = text.plist.xml; path = Info.plist; sourceTree = "<group>"; };
/* End PBXFileReference section */

/* Begin PBXFrameworksBuildPhase section */
		28D41B6524F46A3800157E91 /* Frameworks */ = {
			isa = PBXFrameworksBuildPhase;
			buildActionMask = 2147483647;
			files = (
			);
			runOnlyForDeploymentPostprocessing = 0;
		};
		28D41B7B24F46A3D00157E91 /* Frameworks */ = {
			isa = PBXFrameworksBuildPhase;
			buildActionMask = 2147483647;
			files = (
			);
			runOnlyForDeploymentPostprocessing = 0;
		};
		28D41B8624F46A3D00157E91 /* Frameworks */ = {
			isa = PBXFrameworksBuildPhase;
			buildActionMask = 2147483647;
			files = (
			);
			runOnlyForDeploymentPostprocessing = 0;
		};
/* End PBXFrameworksBuildPhase section */

/* Begin PBXGroup section */
		28D41B5F24F46A3800157E91 = {
			isa = PBXGroup;
			children = (
				28D41B6A24F46A3800157E91 /* TipCalculator */,
				28D41B8124F46A3D00157E91 /* TipCalculatorTests */,
				28D41B8C24F46A3D00157E91 /* TipCalculatorUITests */,
				28D41B6924F46A3800157E91 /* Products */,
			);
			sourceTree = "<group>";
		};
		28D41B6924F46A3800157E91 /* Products */ = {
			isa = PBXGroup;
			children = (
				28D41B6824F46A3800157E91 /* TipCalculator.app */,
				28D41B7E24F46A3D00157E91 /* TipCalculatorTests.xctest */,
				28D41B8924F46A3D00157E91 /* TipCalculatorUITests.xctest */,
			);
			name = Products;
			sourceTree = "<group>";
		};
		28D41B6A24F46A3800157E91 /* TipCalculator */ = {
			isa = PBXGroup;
			children = (
				28D41B6B24F46A3800157E91 /* AppDelegate.swift */,
				28D41B6D24F46A3800157E91 /* SceneDelegate.swift */,
				28D41B6F24F46A3800157E91 /* ViewController.swift */,
				28D41B7124F46A3800157E91 /* Main.storyboard */,
				28D41B7424F46A3D00157E91 /* Assets.xcassets */,
				28D41B7624F46A3D00157E91 /* LaunchScreen.storyboard */,
				28D41B7924F46A3D00157E91 /* Info.plist */,
			);
			path = TipCalculator;
			sourceTree = "<group>";
		};
		28D41B8124F46A3D00157E91 /* TipCalculatorTests */ = {
			isa = PBXGroup;
			children = (
				28D41B8224F46A3D00157E91 /* CalculatorDanielSanchezTests.swift */,
				28D41B8424F46A3D00157E91 /* Info.plist */,
			);
			path = TipCalculatorTests;
			sourceTree = "<group>";
		};
		28D41B8C24F46A3D00157E91 /* TipCalculatorUITests */ = {
			isa = PBXGroup;
			children = (
				28D41B8D24F46A3D00157E91 /* CalculatorDanielSanchezUITests.swift */,
				28D41B8F24F46A3D00157E91 /* Info.plist */,
			);
			path = TipCalculatorUITests;
			sourceTree = "<group>";
		};
/* End PBXGroup section */

/* Begin PBXNativeTarget section */
		28D41B6724F46A3800157E91 /* TipCalculator */ = {
			isa = PBXNativeTarget;
			buildConfigurationList = 28D41B9224F46A3D00157E91 /* Build configuration list for PBXNativeTarget "TipCalculator" */;
			buildPhases = (
				28D41B6424F46A3800157E91 /* Sources */,
				28D41B6524F46A3800157E91 /* Frameworks */,
				28D41B6624F46A3800157E91 /* Resources */,
			);
			buildRules = (
			);
			dependencies = (
			);
			name = TipCalculator;
			productName = CalculatorDanielSanchez;
			productReference = 28D41B6824F46A3800157E91 /* TipCalculator.app */;
			productType = "com.apple.product-type.application";
		};
		28D41B7D24F46A3D00157E91 /* TipCalculatorTests */ = {
			isa = PBXNativeTarget;
			buildConfigurationList = 28D41B9524F46A3D00157E91 /* Build configuration list for PBXNativeTarget "TipCalculatorTests" */;
			buildPhases = (
				28D41B7A24F46A3D00157E91 /* Sources */,
				28D41B7B24F46A3D00157E91 /* Frameworks */,
				28D41B7C24F46A3D00157E91 /* Resources */,
			);
			buildRules = (
			);
			dependencies = (
				28D41B8024F46A3D00157E91 /* PBXTargetDependency */,
			);
			name = TipCalculatorTests;
			productName = CalculatorDanielSanchezTests;
			productReference = 28D41B7E24F46A3D00157E91 /* TipCalculatorTests.xctest */;
			productType = "com.apple.product-type.bundle.unit-test";
		};
		28D41B8824F46A3D00157E91 /* TipCalculatorUITests */ = {
			isa = PBXNativeTarget;
			buildConfigurationList = 28D41B9824F46A3D00157E91 /* Build configuration list for PBXNativeTarget "TipCalculatorUITests" */;
			buildPhases = (
				28D41B8524F46A3D00157E91 /* Sources */,
				28D41B8624F46A3D00157E91 /* Frameworks */,
				28D41B8724F46A3D00157E91 /* Resources */,
			);
			buildRules = (
			);
			dependencies = (
				28D41B8B24F46A3D00157E91 /* PBXTargetDependency */,
			);
			name = TipCalculatorUITests;
			productName = CalculatorDanielSanchezUITests;
			productReference = 28D41B8924F46A3D00157E91 /* TipCalculatorUITests.xctest */;
			productType = "com.apple.product-type.bundle.ui-testing";
		};
/* End PBXNativeTarget section */

/* Begin PBXProject section */
		28D41B6024F46A3800157E91 /* Project object */ = {
			isa = PBXProject;
			attributes = {
				LastSwiftUpdateCheck = 1160;
				LastUpgradeCheck = 1160;
				ORGANIZATIONNAME = Codepath;
				TargetAttributes = {
					28D41B6724F46A3800157E91 = {
						CreatedOnToolsVersion = 11.6;
					};
					28D41B7D24F46A3D00157E91 = {
						CreatedOnToolsVersion = 11.6;
						TestTargetID = 28D41B6724F46A3800157E91;
					};
					28D41B8824F46A3D00157E91 = {
						CreatedOnToolsVersion = 11.6;
						TestTargetID = 28D41B6724F46A3800157E91;
					};
				};
			};
			buildConfigurationList = 28D41B6324F46A3800157E91 /* Build configuration list for PBXProject "TipCalculator" */;
			compatibilityVersion = "Xcode 9.3";
			developmentRegion = en;
			hasScannedForEncodings = 0;
			knownRegions = (
				en,
				Base,
			);
			mainGroup = 28D41B5F24F46A3800157E91;
			productRefGroup = 28D41B6924F46A3800157E91 /* Products */;
			projectDirPath = "";
			projectRoot = "";
			targets = (
				28D41B6724F46A3800157E91 /* TipCalculator */,
				28D41B7D24F46A3D00157E91 /* TipCalculatorTests */,
				28D41B8824F46A3D00157E91 /* TipCalculatorUITests */,
			);
		};
/* End PBXProject section */

/* Begin PBXResourcesBuildPhase section */
		28D41B6624F46A3800157E91 /* Resources */ = {
			isa = PBXResourcesBuildPhase;
			buildActionMask = 2147483647;
			files = (
				28D41B7824F46A3D00157E91 /* LaunchScreen.storyboard in Resources */,
				28D41B7524F46A3D00157E91 /* Assets.xcassets in Resources */,
				28D41B7324F46A3800157E91 /* Main.storyboard in Resources */,
			);
			runOnlyForDeploymentPostprocessing = 0;
		};
		28D41B7C24F46A3D00157E91 /* Resources */ = {
			isa = PBXResourcesBuildPhase;
			buildActionMask = 2147483647;
			files = (
			);
			runOnlyForDeploymentPostprocessing = 0;
		};
		28D41B8724F46A3D00157E91 /* Resources */ = {
			isa = PBXResourcesBuildPhase;
			buildActionMask = 2147483647;
			files = (
			);
			runOnlyForDeploymentPostprocessing = 0;
		};
/* End PBXResourcesBuildPhase section */

/* Begin PBXSourcesBuildPhase section */
		28D41B6424F46A3800157E91 /* Sources */ = {
			isa = PBXSourcesBuildPhase;
			buildActionMask = 2147483647;
			files = (
				28D41B7024F46A3800157E91 /* ViewController.swift in Sources */,
				28D41B6C24F46A3800157E91 /* AppDelegate.swift in Sources */,
				28D41B6E24F46A3800157E91 /* SceneDelegate.swift in Sources */,
			);
			runOnlyForDeploymentPostprocessing = 0;
		};
		28D41B7A24F46A3D00157E91 /* Sources */ = {
			isa = PBXSourcesBuildPhase;
			buildActionMask = 2147483647;
			files = (
				28D41B8324F46A3D00157E91 /* CalculatorDanielSanchezTests.swift in Sources */,
			);
			runOnlyForDeploymentPostprocessing = 0;
		};
		28D41B8524F46A3D00157E91 /* Sources */ = {
			isa = PBXSourcesBuildPhase;
			buildActionMask = 2147483647;
			files = (
				28D41B8E24F46A3D00157E91 /* CalculatorDanielSanchezUITests.swift in Sources */,
			);
			runOnlyForDeploymentPostprocessing = 0;
		};
/* End PBXSourcesBuildPhase section */

/* Begin PBXTargetDependency section */
		28D41B8024F46A3D00157E91 /* PBXTargetDependency */ = {
			isa = PBXTargetDependency;
			target = 28D41B6724F46A3800157E91 /* TipCalculator */;
			targetProxy = 28D41B7F24F46A3D00157E91 /* PBXContainerItemProxy */;
		};
		28D41B8B24F46A3D00157E91 /* PBXTargetDependency */ = {
			isa = PBXTargetDependency;
			target = 28D41B6724F46A3800157E91 /* TipCalculator */;
			targetProxy = 28D41B8A24F46A3D00157E91 /* PBXContainerItemProxy */;
		};
/* End PBXTargetDependency section */

/* Begin PBXVariantGroup section */
		28D41B7124F46A3800157E91 /* Main.storyboard */ = {
			isa = PBXVariantGroup;
			children = (
				28D41B7224F46A3800157E91 /* Base */,
			);
			name = Main.storyboard;
			sourceTree = "<group>";
		};
		28D41B7624F46A3D00157E91 /* LaunchScreen.storyboard */ = {
			isa = PBXVariantGroup;
			children = (
				28D41B7724F46A3D00157E91 /* Base */,
			);
			name = LaunchScreen.storyboard;
			sourceTree = "<group>";
		};
/* End PBXVariantGroup section */

/* Begin XCBuildConfiguration section */
		28D41B9024F46A3D00157E91 /* Debug */ = {
			isa = XCBuildConfiguration;
			buildSettings = {
				ALWAYS_SEARCH_USER_PATHS = NO;
				CLANG_ANALYZER_NONNULL = YES;
				CLANG_ANALYZER_NUMBER_OBJECT_CONVERSION = YES_AGGRESSIVE;
				CLANG_CXX_LANGUAGE_STANDARD = "gnu++14";
				CLANG_CXX_LIBRARY = "libc++";
				CLANG_ENABLE_MODULES = YES;
				CLANG_ENABLE_OBJC_ARC = YES;
				CLANG_ENABLE_OBJC_WEAK = YES;
				CLANG_WARN_BLOCK_CAPTURE_AUTORELEASING = YES;
				CLANG_WARN_BOOL_CONVERSION = YES;
				CLANG_WARN_COMMA = YES;
				CLANG_WARN_CONSTANT_CONVERSION = YES;
				CLANG_WARN_DEPRECATED_OBJC_IMPLEMENTATIONS = YES;
				CLANG_WARN_DIRECT_OBJC_ISA_USAGE = YES_ERROR;
				CLANG_WARN_DOCUMENTATION_COMMENTS = YES;
				CLANG_WARN_EMPTY_BODY = YES;
				CLANG_WARN_ENUM_CONVERSION = YES;
				CLANG_WARN_INFINITE_RECURSION = YES;
				CLANG_WARN_INT_CONVERSION = YES;
				CLANG_WARN_NON_LITERAL_NULL_CONVERSION = YES;
				CLANG_WARN_OBJC_IMPLICIT_RETAIN_SELF = YES;
				CLANG_WARN_OBJC_LITERAL_CONVERSION = YES;
				CLANG_WARN_OBJC_ROOT_CLASS = YES_ERROR;
				CLANG_WARN_RANGE_LOOP_ANALYSIS = YES;
				CLANG_WARN_STRICT_PROTOTYPES = YES;
				CLANG_WARN_SUSPICIOUS_MOVE = YES;
				CLANG_WARN_UNGUARDED_AVAILABILITY = YES_AGGRESSIVE;
				CLANG_WARN_UNREACHABLE_CODE = YES;
				CLANG_WARN__DUPLICATE_METHOD_MATCH = YES;
				COPY_PHASE_STRIP = NO;
				DEBUG_INFORMATION_FORMAT = dwarf;
				ENABLE_STRICT_OBJC_MSGSEND = YES;
				ENABLE_TESTABILITY = YES;
				GCC_C_LANGUAGE_STANDARD = gnu11;
				GCC_DYNAMIC_NO_PIC = NO;
				GCC_NO_COMMON_BLOCKS = YES;
				GCC_OPTIMIZATION_LEVEL = 0;
				GCC_PREPROCESSOR_DEFINITIONS = (
					"DEBUG=1",
					"$(inherited)",
				);
				GCC_WARN_64_TO_32_BIT_CONVERSION = YES;
				GCC_WARN_ABOUT_RETURN_TYPE = YES_ERROR;
				GCC_WARN_UNDECLARED_SELECTOR = YES;
				GCC_WARN_UNINITIALIZED_AUTOS = YES_AGGRESSIVE;
				GCC_WARN_UNUSED_FUNCTION = YES;
				GCC_WARN_UNUSED_VARIABLE = YES;
				IPHONEOS_DEPLOYMENT_TARGET = 13.6;
				MTL_ENABLE_DEBUG_INFO = INCLUDE_SOURCE;
				MTL_FAST_MATH = YES;
				ONLY_ACTIVE_ARCH = YES;
				SDKROOT = iphoneos;
				SWIFT_ACTIVE_COMPILATION_CONDITIONS = DEBUG;
				SWIFT_OPTIMIZATION_LEVEL = "-Onone";
			};
			name = Debug;
		};
		28D41B9124F46A3D00157E91 /* Release */ = {
			isa = XCBuildConfiguration;
			buildSettings = {
				ALWAYS_SEARCH_USER_PATHS = NO;
				CLANG_ANALYZER_NONNULL = YES;
				CLANG_ANALYZER_NUMBER_OBJECT_CONVERSION = YES_AGGRESSIVE;
				CLANG_CXX_LANGUAGE_STANDARD = "gnu++14";
				CLANG_CXX_LIBRARY = "libc++";
				CLANG_ENABLE_MODULES = YES;
				CLANG_ENABLE_OBJC_ARC = YES;
				CLANG_ENABLE_OBJC_WEAK = YES;
				CLANG_WARN_BLOCK_CAPTURE_AUTORELEASING = YES;
				CLANG_WARN_BOOL_CONVERSION = YES;
				CLANG_WARN_COMMA = YES;
				CLANG_WARN_CONSTANT_CONVERSION = YES;
				CLANG_WARN_DEPRECATED_OBJC_IMPLEMENTATIONS = YES;
				CLANG_WARN_DIRECT_OBJC_ISA_USAGE = YES_ERROR;
				CLANG_WARN_DOCUMENTATION_COMMENTS = YES;
				CLANG_WARN_EMPTY_BODY = YES;
				CLANG_WARN_ENUM_CONVERSION = YES;
				CLANG_WARN_INFINITE_RECURSION = YES;
				CLANG_WARN_INT_CONVERSION = YES;
				CLANG_WARN_NON_LITERAL_NULL_CONVERSION = YES;
				CLANG_WARN_OBJC_IMPLICIT_RETAIN_SELF = YES;
				CLANG_WARN_OBJC_LITERAL_CONVERSION = YES;
				CLANG_WARN_OBJC_ROOT_CLASS = YES_ERROR;
				CLANG_WARN_RANGE_LOOP_ANALYSIS = YES;
				CLANG_WARN_STRICT_PROTOTYPES = YES;
				CLANG_WARN_SUSPICIOUS_MOVE = YES;
				CLANG_WARN_UNGUARDED_AVAILABILITY = YES_AGGRESSIVE;
				CLANG_WARN_UNREACHABLE_CODE = YES;
				CLANG_WARN__DUPLICATE_METHOD_MATCH = YES;
				COPY_PHASE_STRIP = NO;
				DEBUG_INFORMATION_FORMAT = "dwarf-with-dsym";
				ENABLE_NS_ASSERTIONS = NO;
				ENABLE_STRICT_OBJC_MSGSEND = YES;
				GCC_C_LANGUAGE_STANDARD = gnu11;
				GCC_NO_COMMON_BLOCKS = YES;
				GCC_WARN_64_TO_32_BIT_CONVERSION = YES;
				GCC_WARN_ABOUT_RETURN_TYPE = YES_ERROR;
				GCC_WARN_UNDECLARED_SELECTOR = YES;
				GCC_WARN_UNINITIALIZED_AUTOS = YES_AGGRESSIVE;
				GCC_WARN_UNUSED_FUNCTION = YES;
				GCC_WARN_UNUSED_VARIABLE = YES;
				IPHONEOS_DEPLOYMENT_TARGET = 13.6;
				MTL_ENABLE_DEBUG_INFO = NO;
				MTL_FAST_MATH = YES;
				SDKROOT = iphoneos;
				SWIFT_COMPILATION_MODE = wholemodule;
				SWIFT_OPTIMIZATION_LEVEL = "-O";
				VALIDATE_PRODUCT = YES;
			};
			name = Release;
		};
		28D41B9324F46A3D00157E91 /* Debug */ = {
			isa = XCBuildConfiguration;
			buildSettings = {
				ASSETCATALOG_COMPILER_APPICON_NAME = AppIcon;
				CODE_SIGN_STYLE = Automatic;
				INFOPLIST_FILE = TipCalculator/Info.plist;
				LD_RUNPATH_SEARCH_PATHS = (
					"$(inherited)",
					"@executable_path/Frameworks",
				);
				PRODUCT_BUNDLE_IDENTIFIER = Codepath.TipCalculator;
				PRODUCT_NAME = TipCalculator;
				SWIFT_VERSION = 5.0;
				TARGETED_DEVICE_FAMILY = "1,2";
			};
			name = Debug;
		};
		28D41B9424F46A3D00157E91 /* Release */ = {
			isa = XCBuildConfiguration;
			buildSettings = {
				ASSETCATALOG_COMPILER_APPICON_NAME = AppIcon;
				CODE_SIGN_STYLE = Automatic;
				INFOPLIST_FILE = TipCalculator/Info.plist;
				LD_RUNPATH_SEARCH_PATHS = (
					"$(inherited)",
					"@executable_path/Frameworks",
				);
				PRODUCT_BUNDLE_IDENTIFIER = Codepath.TipCalculator;
				PRODUCT_NAME = TipCalculator;
				SWIFT_VERSION = 5.0;
				TARGETED_DEVICE_FAMILY = "1,2";
			};
			name = Release;
		};
		28D41B9624F46A3D00157E91 /* Debug */ = {
			isa = XCBuildConfiguration;
			buildSettings = {
				ALWAYS_EMBED_SWIFT_STANDARD_LIBRARIES = YES;
				BUNDLE_LOADER = "$(TEST_HOST)";
				CODE_SIGN_STYLE = Automatic;
				INFOPLIST_FILE = CalculatorDanielSanchezTests/Info.plist;
				IPHONEOS_DEPLOYMENT_TARGET = 13.6;
				LD_RUNPATH_SEARCH_PATHS = (
					"$(inherited)",
					"@executable_path/Frameworks",
					"@loader_path/Frameworks",
				);
				PRODUCT_BUNDLE_IDENTIFIER = Codepath.CalculatorDanielSanchezTests;
				PRODUCT_NAME = "$(TARGET_NAME)";
				SWIFT_VERSION = 5.0;
				TARGETED_DEVICE_FAMILY = "1,2";
				TEST_HOST = "$(BUILT_PRODUCTS_DIR)/TipCalculator.app/TipCalculator";
			};
			name = Debug;
		};
		28D41B9724F46A3D00157E91 /* Release */ = {
			isa = XCBuildConfiguration;
			buildSettings = {
				ALWAYS_EMBED_SWIFT_STANDARD_LIBRARIES = YES;
				BUNDLE_LOADER = "$(TEST_HOST)";
				CODE_SIGN_STYLE = Automatic;
				INFOPLIST_FILE = CalculatorDanielSanchezTests/Info.plist;
				IPHONEOS_DEPLOYMENT_TARGET = 13.6;
				LD_RUNPATH_SEARCH_PATHS = (
					"$(inherited)",
					"@executable_path/Frameworks",
					"@loader_path/Frameworks",
				);
				PRODUCT_BUNDLE_IDENTIFIER = Codepath.CalculatorDanielSanchezTests;
				PRODUCT_NAME = "$(TARGET_NAME)";
				SWIFT_VERSION = 5.0;
				TARGETED_DEVICE_FAMILY = "1,2";
				TEST_HOST = "$(BUILT_PRODUCTS_DIR)/TipCalculator.app/TipCalculator";
			};
			name = Release;
		};
		28D41B9924F46A3D00157E91 /* Debug */ = {
			isa = XCBuildConfiguration;
			buildSettings = {
				ALWAYS_EMBED_SWIFT_STANDARD_LIBRARIES = YES;
				CODE_SIGN_STYLE = Automatic;
				INFOPLIST_FILE = CalculatorDanielSanchezUITests/Info.plist;
				LD_RUNPATH_SEARCH_PATHS = (
					"$(inherited)",
					"@executable_path/Frameworks",
					"@loader_path/Frameworks",
				);
				PRODUCT_BUNDLE_IDENTIFIER = Codepath.CalculatorDanielSanchezUITests;
				PRODUCT_NAME = "$(TARGET_NAME)";
				SWIFT_VERSION = 5.0;
				TARGETED_DEVICE_FAMILY = "1,2";
				TEST_TARGET_NAME = CalculatorDanielSanchez;
			};
			name = Debug;
		};
		28D41B9A24F46A3D00157E91 /* Release */ = {
			isa = XCBuildConfiguration;
			buildSettings = {
				ALWAYS_EMBED_SWIFT_STANDARD_LIBRARIES = YES;
				CODE_SIGN_STYLE = Automatic;
				INFOPLIST_FILE = CalculatorDanielSanchezUITests/Info.plist;
				LD_RUNPATH_SEARCH_PATHS = (
					"$(inherited)",
					"@executable_path/Frameworks",
					"@loader_path/Frameworks",
				);
				PRODUCT_BUNDLE_IDENTIFIER = Codepath.CalculatorDanielSanchezUITests;
				PRODUCT_NAME = "$(TARGET_NAME)";
				SWIFT_VERSION = 5.0;
				TARGETED_DEVICE_FAMILY = "1,2";
				TEST_TARGET_NAME = CalculatorDanielSanchez;
			};
			name = Release;
		};
/* End XCBuildConfiguration section */

/* Begin XCConfigurationList section */
		28D41B6324F46A3800157E91 /* Build configuration list for PBXProject "TipCalculator" */ = {
			isa = XCConfigurationList;
			buildConfigurations = (
				28D41B9024F46A3D00157E91 /* Debug */,
				28D41B9124F46A3D00157E91 /* Release */,
			);
			defaultConfigurationIsVisible = 0;
			defaultConfigurationName = Release;
		};
		28D41B9224F46A3D00157E91 /* Build configuration list for PBXNativeTarget "TipCalculator" */ = {
			isa = XCConfigurationList;
			buildConfigurations = (
				28D41B9324F46A3D00157E91 /* Debug */,
				28D41B9424F46A3D00157E91 /* Release */,
			);
			defaultConfigurationIsVisible = 0;
			defaultConfigurationName = Release;
		};
		28D41B9524F46A3D00157E91 /* Build configuration list for PBXNativeTarget "TipCalculatorTests" */ = {
			isa = XCConfigurationList;
			buildConfigurations = (
				28D41B9624F46A3D00157E91 /* Debug */,
				28D41B9724F46A3D00157E91 /* Release */,
			);
			defaultConfigurationIsVisible = 0;
			defaultConfigurationName = Release;
		};
		28D41B9824F46A3D00157E91 /* Build configuration list for PBXNativeTarget "TipCalculatorUITests" */ = {
			isa = XCConfigurationList;
			buildConfigurations = (
				28D41B9924F46A3D00157E91 /* Debug */,
				28D41B9A24F46A3D00157E91 /* Release */,
			);
			defaultConfigurationIsVisible = 0;
			defaultConfigurationName = Release;
		};
/* End XCConfigurationList section */
	};
	rootObject = 28D41B6024F46A3800157E91 /* Project object */;
}
